// !$*UTF8*$!
{
	archiveVersion = 1;
	classes = {
	};
	objectVersion = 55;
	objects = {

/* Begin PBXBuildFile section */
		604A90AC28782051002970B3 /* BudgetManager.swift in Sources */ = {isa = PBXBuildFile; fileRef = 604A90AB28782051002970B3 /* BudgetManager.swift */; };
		604A90AD28782051002970B3 /* BudgetManager.swift in Sources */ = {isa = PBXBuildFile; fileRef = 604A90AB28782051002970B3 /* BudgetManager.swift */; };
		604A90B22878209A002970B3 /* Budget.swift in Sources */ = {isa = PBXBuildFile; fileRef = 604A90B12878209A002970B3 /* Budget.swift */; };
		604A90B32878209A002970B3 /* Budget.swift in Sources */ = {isa = PBXBuildFile; fileRef = 604A90B12878209A002970B3 /* Budget.swift */; };
		604A90B528782112002970B3 /* BudgetCategory.swift in Sources */ = {isa = PBXBuildFile; fileRef = 604A90B428782112002970B3 /* BudgetCategory.swift */; };
		604A90B628782112002970B3 /* BudgetCategory.swift in Sources */ = {isa = PBXBuildFile; fileRef = 604A90B428782112002970B3 /* BudgetCategory.swift */; };
		604A90B828782536002970B3 /* Expense.swift in Sources */ = {isa = PBXBuildFile; fileRef = 604A90B728782536002970B3 /* Expense.swift */; };
		604A90B928782536002970B3 /* Expense.swift in Sources */ = {isa = PBXBuildFile; fileRef = 604A90B728782536002970B3 /* Expense.swift */; };
		604A90CA28783152002970B3 /* BudgetTests.swift in Sources */ = {isa = PBXBuildFile; fileRef = 604A90C928783152002970B3 /* BudgetTests.swift */; };
		604A90D12878317A002970B3 /* BudgetManagerTests.swift in Sources */ = {isa = PBXBuildFile; fileRef = 604A90D02878317A002970B3 /* BudgetManagerTests.swift */; };
		60A4C7A92875D56F00E61853 /* Tests_iOS.swift in Sources */ = {isa = PBXBuildFile; fileRef = 60A4C7A82875D56F00E61853 /* Tests_iOS.swift */; };
		60A4C7AB2875D56F00E61853 /* Tests_iOSLaunchTests.swift in Sources */ = {isa = PBXBuildFile; fileRef = 60A4C7AA2875D56F00E61853 /* Tests_iOSLaunchTests.swift */; };
		60A4C7B52875D56F00E61853 /* Tests_macOS.swift in Sources */ = {isa = PBXBuildFile; fileRef = 60A4C7B42875D56F00E61853 /* Tests_macOS.swift */; };
		60A4C7B72875D56F00E61853 /* Tests_macOSLaunchTests.swift in Sources */ = {isa = PBXBuildFile; fileRef = 60A4C7B62875D56F00E61853 /* Tests_macOSLaunchTests.swift */; };
		60A4C7B82875D56F00E61853 /* BudgetApp.swift in Sources */ = {isa = PBXBuildFile; fileRef = 60A4C7902875D56E00E61853 /* BudgetApp.swift */; };
		60A4C7B92875D56F00E61853 /* BudgetApp.swift in Sources */ = {isa = PBXBuildFile; fileRef = 60A4C7902875D56E00E61853 /* BudgetApp.swift */; };
		60A4C7BA2875D56F00E61853 /* ContentView.swift in Sources */ = {isa = PBXBuildFile; fileRef = 60A4C7912875D56E00E61853 /* ContentView.swift */; };
		60A4C7BB2875D56F00E61853 /* ContentView.swift in Sources */ = {isa = PBXBuildFile; fileRef = 60A4C7912875D56E00E61853 /* ContentView.swift */; };
		60A4C7BC2875D56F00E61853 /* Assets.xcassets in Resources */ = {isa = PBXBuildFile; fileRef = 60A4C7922875D56F00E61853 /* Assets.xcassets */; };
		60A4C7BD2875D56F00E61853 /* Assets.xcassets in Resources */ = {isa = PBXBuildFile; fileRef = 60A4C7922875D56F00E61853 /* Assets.xcassets */; };
/* End PBXBuildFile section */

/* Begin PBXContainerItemProxy section */
		604A90CB28783152002970B3 /* PBXContainerItemProxy */ = {
			isa = PBXContainerItemProxy;
			containerPortal = 60A4C78B2875D56E00E61853 /* Project object */;
			proxyType = 1;
			remoteGlobalIDString = 60A4C7962875D56F00E61853;
			remoteInfo = "Budget (iOS)";
		};
		60A4C7A52875D56F00E61853 /* PBXContainerItemProxy */ = {
			isa = PBXContainerItemProxy;
			containerPortal = 60A4C78B2875D56E00E61853 /* Project object */;
			proxyType = 1;
			remoteGlobalIDString = 60A4C7962875D56F00E61853;
			remoteInfo = "Budget (iOS)";
		};
		60A4C7B12875D56F00E61853 /* PBXContainerItemProxy */ = {
			isa = PBXContainerItemProxy;
			containerPortal = 60A4C78B2875D56E00E61853 /* Project object */;
			proxyType = 1;
			remoteGlobalIDString = 60A4C79C2875D56F00E61853;
			remoteInfo = "Budget (macOS)";
		};
/* End PBXContainerItemProxy section */

/* Begin PBXFileReference section */
		604A90AB28782051002970B3 /* BudgetManager.swift */ = {isa = PBXFileReference; lastKnownFileType = sourcecode.swift; path = BudgetManager.swift; sourceTree = "<group>"; };
		604A90B12878209A002970B3 /* Budget.swift */ = {isa = PBXFileReference; lastKnownFileType = sourcecode.swift; path = Budget.swift; sourceTree = "<group>"; };
		604A90B428782112002970B3 /* BudgetCategory.swift */ = {isa = PBXFileReference; lastKnownFileType = sourcecode.swift; path = BudgetCategory.swift; sourceTree = "<group>"; };
		604A90B728782536002970B3 /* Expense.swift */ = {isa = PBXFileReference; lastKnownFileType = sourcecode.swift; path = Expense.swift; sourceTree = "<group>"; };
		604A90C728783152002970B3 /* BudgetTests.xctest */ = {isa = PBXFileReference; explicitFileType = wrapper.cfbundle; includeInIndex = 0; path = BudgetTests.xctest; sourceTree = BUILT_PRODUCTS_DIR; };
		604A90C928783152002970B3 /* BudgetTests.swift */ = {isa = PBXFileReference; lastKnownFileType = sourcecode.swift; path = BudgetTests.swift; sourceTree = "<group>"; };
		604A90D02878317A002970B3 /* BudgetManagerTests.swift */ = {isa = PBXFileReference; lastKnownFileType = sourcecode.swift; path = BudgetManagerTests.swift; sourceTree = "<group>"; };
		60A4C7902875D56E00E61853 /* BudgetApp.swift */ = {isa = PBXFileReference; lastKnownFileType = sourcecode.swift; path = BudgetApp.swift; sourceTree = "<group>"; };
		60A4C7912875D56E00E61853 /* ContentView.swift */ = {isa = PBXFileReference; lastKnownFileType = sourcecode.swift; path = ContentView.swift; sourceTree = "<group>"; };
		60A4C7922875D56F00E61853 /* Assets.xcassets */ = {isa = PBXFileReference; lastKnownFileType = folder.assetcatalog; path = Assets.xcassets; sourceTree = "<group>"; };
		60A4C7972875D56F00E61853 /* Budget.app */ = {isa = PBXFileReference; explicitFileType = wrapper.application; includeInIndex = 0; path = Budget.app; sourceTree = BUILT_PRODUCTS_DIR; };
		60A4C79D2875D56F00E61853 /* Budget.app */ = {isa = PBXFileReference; explicitFileType = wrapper.application; includeInIndex = 0; path = Budget.app; sourceTree = BUILT_PRODUCTS_DIR; };
		60A4C79F2875D56F00E61853 /* macOS.entitlements */ = {isa = PBXFileReference; lastKnownFileType = text.plist.entitlements; path = macOS.entitlements; sourceTree = "<group>"; };
		60A4C7A42875D56F00E61853 /* Tests iOS.xctest */ = {isa = PBXFileReference; explicitFileType = wrapper.cfbundle; includeInIndex = 0; path = "Tests iOS.xctest"; sourceTree = BUILT_PRODUCTS_DIR; };
		60A4C7A82875D56F00E61853 /* Tests_iOS.swift */ = {isa = PBXFileReference; lastKnownFileType = sourcecode.swift; path = Tests_iOS.swift; sourceTree = "<group>"; };
		60A4C7AA2875D56F00E61853 /* Tests_iOSLaunchTests.swift */ = {isa = PBXFileReference; lastKnownFileType = sourcecode.swift; path = Tests_iOSLaunchTests.swift; sourceTree = "<group>"; };
		60A4C7B02875D56F00E61853 /* Tests macOS.xctest */ = {isa = PBXFileReference; explicitFileType = wrapper.cfbundle; includeInIndex = 0; path = "Tests macOS.xctest"; sourceTree = BUILT_PRODUCTS_DIR; };
		60A4C7B42875D56F00E61853 /* Tests_macOS.swift */ = {isa = PBXFileReference; lastKnownFileType = sourcecode.swift; path = Tests_macOS.swift; sourceTree = "<group>"; };
		60A4C7B62875D56F00E61853 /* Tests_macOSLaunchTests.swift */ = {isa = PBXFileReference; lastKnownFileType = sourcecode.swift; path = Tests_macOSLaunchTests.swift; sourceTree = "<group>"; };
/* End PBXFileReference section */

/* Begin PBXFrameworksBuildPhase section */
		604A90C428783152002970B3 /* Frameworks */ = {
			isa = PBXFrameworksBuildPhase;
			buildActionMask = 2147483647;
			files = (
			);
			runOnlyForDeploymentPostprocessing = 0;
		};
		60A4C7942875D56F00E61853 /* Frameworks */ = {
			isa = PBXFrameworksBuildPhase;
			buildActionMask = 2147483647;
			files = (
			);
			runOnlyForDeploymentPostprocessing = 0;
		};
		60A4C79A2875D56F00E61853 /* Frameworks */ = {
			isa = PBXFrameworksBuildPhase;
			buildActionMask = 2147483647;
			files = (
			);
			runOnlyForDeploymentPostprocessing = 0;
		};
		60A4C7A12875D56F00E61853 /* Frameworks */ = {
			isa = PBXFrameworksBuildPhase;
			buildActionMask = 2147483647;
			files = (
			);
			runOnlyForDeploymentPostprocessing = 0;
		};
		60A4C7AD2875D56F00E61853 /* Frameworks */ = {
			isa = PBXFrameworksBuildPhase;
			buildActionMask = 2147483647;
			files = (
			);
			runOnlyForDeploymentPostprocessing = 0;
		};
/* End PBXFrameworksBuildPhase section */

/* Begin PBXGroup section */
		604A90C828783152002970B3 /* BudgetTests */ = {
			isa = PBXGroup;
			children = (
				604A90C928783152002970B3 /* BudgetTests.swift */,
				604A90D02878317A002970B3 /* BudgetManagerTests.swift */,
			);
			path = BudgetTests;
			sourceTree = "<group>";
		};
		60A4C78A2875D56E00E61853 = {
			isa = PBXGroup;
			children = (
				60A4C78F2875D56E00E61853 /* Shared */,
				60A4C79E2875D56F00E61853 /* macOS */,
				60A4C7A72875D56F00E61853 /* Tests iOS */,
				60A4C7B32875D56F00E61853 /* Tests macOS */,
				604A90C828783152002970B3 /* BudgetTests */,
				60A4C7982875D56F00E61853 /* Products */,
			);
			sourceTree = "<group>";
		};
		60A4C78F2875D56E00E61853 /* Shared */ = {
			isa = PBXGroup;
			children = (
				60A4C7902875D56E00E61853 /* BudgetApp.swift */,
				60A4C7912875D56E00E61853 /* ContentView.swift */,
				604A90AB28782051002970B3 /* BudgetManager.swift */,
				604A90B12878209A002970B3 /* Budget.swift */,
				604A90B728782536002970B3 /* Expense.swift */,
				604A90B428782112002970B3 /* BudgetCategory.swift */,
				60A4C7922875D56F00E61853 /* Assets.xcassets */,
			);
			path = Shared;
			sourceTree = "<group>";
		};
		60A4C7982875D56F00E61853 /* Products */ = {
			isa = PBXGroup;
			children = (
				60A4C7972875D56F00E61853 /* Budget.app */,
				60A4C79D2875D56F00E61853 /* Budget.app */,
				60A4C7A42875D56F00E61853 /* Tests iOS.xctest */,
				60A4C7B02875D56F00E61853 /* Tests macOS.xctest */,
				604A90C728783152002970B3 /* BudgetTests.xctest */,
			);
			name = Products;
			sourceTree = "<group>";
		};
		60A4C79E2875D56F00E61853 /* macOS */ = {
			isa = PBXGroup;
			children = (
				60A4C79F2875D56F00E61853 /* macOS.entitlements */,
			);
			path = macOS;
			sourceTree = "<group>";
		};
		60A4C7A72875D56F00E61853 /* Tests iOS */ = {
			isa = PBXGroup;
			children = (
				60A4C7A82875D56F00E61853 /* Tests_iOS.swift */,
				60A4C7AA2875D56F00E61853 /* Tests_iOSLaunchTests.swift */,
			);
			path = "Tests iOS";
			sourceTree = "<group>";
		};
		60A4C7B32875D56F00E61853 /* Tests macOS */ = {
			isa = PBXGroup;
			children = (
				60A4C7B42875D56F00E61853 /* Tests_macOS.swift */,
				60A4C7B62875D56F00E61853 /* Tests_macOSLaunchTests.swift */,
			);
			path = "Tests macOS";
			sourceTree = "<group>";
		};
/* End PBXGroup section */

/* Begin PBXNativeTarget section */
		604A90C628783152002970B3 /* BudgetTests */ = {
			isa = PBXNativeTarget;
			buildConfigurationList = 604A90CD28783152002970B3 /* Build configuration list for PBXNativeTarget "BudgetTests" */;
			buildPhases = (
				604A90C328783152002970B3 /* Sources */,
				604A90C428783152002970B3 /* Frameworks */,
				604A90C528783152002970B3 /* Resources */,
			);
			buildRules = (
			);
			dependencies = (
				604A90CC28783152002970B3 /* PBXTargetDependency */,
			);
			name = BudgetTests;
			productName = BudgetTests;
			productReference = 604A90C728783152002970B3 /* BudgetTests.xctest */;
			productType = "com.apple.product-type.bundle.unit-test";
		};
		60A4C7962875D56F00E61853 /* Budget (iOS) */ = {
			isa = PBXNativeTarget;
			buildConfigurationList = 60A4C7C02875D56F00E61853 /* Build configuration list for PBXNativeTarget "Budget (iOS)" */;
			buildPhases = (
				60A4C7932875D56F00E61853 /* Sources */,
				60A4C7942875D56F00E61853 /* Frameworks */,
				60A4C7952875D56F00E61853 /* Resources */,
			);
			buildRules = (
			);
			dependencies = (
			);
			name = "Budget (iOS)";
			productName = "Budget (iOS)";
			productReference = 60A4C7972875D56F00E61853 /* Budget.app */;
			productType = "com.apple.product-type.application";
		};
		60A4C79C2875D56F00E61853 /* Budget (macOS) */ = {
			isa = PBXNativeTarget;
			buildConfigurationList = 60A4C7C32875D56F00E61853 /* Build configuration list for PBXNativeTarget "Budget (macOS)" */;
			buildPhases = (
				60A4C7992875D56F00E61853 /* Sources */,
				60A4C79A2875D56F00E61853 /* Frameworks */,
				60A4C79B2875D56F00E61853 /* Resources */,
			);
			buildRules = (
			);
			dependencies = (
			);
			name = "Budget (macOS)";
			productName = "Budget (macOS)";
			productReference = 60A4C79D2875D56F00E61853 /* Budget.app */;
			productType = "com.apple.product-type.application";
		};
		60A4C7A32875D56F00E61853 /* Tests iOS */ = {
			isa = PBXNativeTarget;
			buildConfigurationList = 60A4C7C62875D56F00E61853 /* Build configuration list for PBXNativeTarget "Tests iOS" */;
			buildPhases = (
				60A4C7A02875D56F00E61853 /* Sources */,
				60A4C7A12875D56F00E61853 /* Frameworks */,
				60A4C7A22875D56F00E61853 /* Resources */,
			);
			buildRules = (
			);
			dependencies = (
				60A4C7A62875D56F00E61853 /* PBXTargetDependency */,
			);
			name = "Tests iOS";
			productName = "Tests iOS";
			productReference = 60A4C7A42875D56F00E61853 /* Tests iOS.xctest */;
			productType = "com.apple.product-type.bundle.ui-testing";
		};
		60A4C7AF2875D56F00E61853 /* Tests macOS */ = {
			isa = PBXNativeTarget;
			buildConfigurationList = 60A4C7C92875D56F00E61853 /* Build configuration list for PBXNativeTarget "Tests macOS" */;
			buildPhases = (
				60A4C7AC2875D56F00E61853 /* Sources */,
				60A4C7AD2875D56F00E61853 /* Frameworks */,
				60A4C7AE2875D56F00E61853 /* Resources */,
			);
			buildRules = (
			);
			dependencies = (
				60A4C7B22875D56F00E61853 /* PBXTargetDependency */,
			);
			name = "Tests macOS";
			productName = "Tests macOS";
			productReference = 60A4C7B02875D56F00E61853 /* Tests macOS.xctest */;
			productType = "com.apple.product-type.bundle.ui-testing";
		};
/* End PBXNativeTarget section */

/* Begin PBXProject section */
		60A4C78B2875D56E00E61853 /* Project object */ = {
			isa = PBXProject;
			attributes = {
				BuildIndependentTargetsInParallel = 1;
				LastSwiftUpdateCheck = 1340;
				LastUpgradeCheck = 1340;
				TargetAttributes = {
					604A90C628783152002970B3 = {
						CreatedOnToolsVersion = 13.4.1;
						TestTargetID = 60A4C7962875D56F00E61853;
					};
					60A4C7962875D56F00E61853 = {
						CreatedOnToolsVersion = 13.4.1;
					};
					60A4C79C2875D56F00E61853 = {
						CreatedOnToolsVersion = 13.4.1;
					};
					60A4C7A32875D56F00E61853 = {
						CreatedOnToolsVersion = 13.4.1;
						TestTargetID = 60A4C7962875D56F00E61853;
					};
					60A4C7AF2875D56F00E61853 = {
						CreatedOnToolsVersion = 13.4.1;
						TestTargetID = 60A4C79C2875D56F00E61853;
					};
				};
			};
			buildConfigurationList = 60A4C78E2875D56E00E61853 /* Build configuration list for PBXProject "Budget" */;
			compatibilityVersion = "Xcode 13.0";
			developmentRegion = en;
			hasScannedForEncodings = 0;
			knownRegions = (
				en,
				Base,
			);
			mainGroup = 60A4C78A2875D56E00E61853;
			productRefGroup = 60A4C7982875D56F00E61853 /* Products */;
			projectDirPath = "";
			projectRoot = "";
			targets = (
				60A4C7962875D56F00E61853 /* Budget (iOS) */,
				60A4C79C2875D56F00E61853 /* Budget (macOS) */,
				60A4C7A32875D56F00E61853 /* Tests iOS */,
				60A4C7AF2875D56F00E61853 /* Tests macOS */,
				604A90C628783152002970B3 /* BudgetTests */,
			);
		};
/* End PBXProject section */

/* Begin PBXResourcesBuildPhase section */
		604A90C528783152002970B3 /* Resources */ = {
			isa = PBXResourcesBuildPhase;
			buildActionMask = 2147483647;
			files = (
			);
			runOnlyForDeploymentPostprocessing = 0;
		};
		60A4C7952875D56F00E61853 /* Resources */ = {
			isa = PBXResourcesBuildPhase;
			buildActionMask = 2147483647;
			files = (
				60A4C7BC2875D56F00E61853 /* Assets.xcassets in Resources */,
			);
			runOnlyForDeploymentPostprocessing = 0;
		};
		60A4C79B2875D56F00E61853 /* Resources */ = {
			isa = PBXResourcesBuildPhase;
			buildActionMask = 2147483647;
			files = (
				60A4C7BD2875D56F00E61853 /* Assets.xcassets in Resources */,
			);
			runOnlyForDeploymentPostprocessing = 0;
		};
		60A4C7A22875D56F00E61853 /* Resources */ = {
			isa = PBXResourcesBuildPhase;
			buildActionMask = 2147483647;
			files = (
			);
			runOnlyForDeploymentPostprocessing = 0;
		};
		60A4C7AE2875D56F00E61853 /* Resources */ = {
			isa = PBXResourcesBuildPhase;
			buildActionMask = 2147483647;
			files = (
			);
			runOnlyForDeploymentPostprocessing = 0;
		};
/* End PBXResourcesBuildPhase section */

/* Begin PBXSourcesBuildPhase section */
		604A90C328783152002970B3 /* Sources */ = {
			isa = PBXSourcesBuildPhase;
			buildActionMask = 2147483647;
			files = (
				604A90D12878317A002970B3 /* BudgetManagerTests.swift in Sources */,
				604A90CA28783152002970B3 /* BudgetTests.swift in Sources */,
			);
			runOnlyForDeploymentPostprocessing = 0;
		};
		60A4C7932875D56F00E61853 /* Sources */ = {
			isa = PBXSourcesBuildPhase;
			buildActionMask = 2147483647;
			files = (
				604A90B828782536002970B3 /* Expense.swift in Sources */,
				604A90B528782112002970B3 /* BudgetCategory.swift in Sources */,
				60A4C7BA2875D56F00E61853 /* ContentView.swift in Sources */,
				60A4C7B82875D56F00E61853 /* BudgetApp.swift in Sources */,
				604A90B22878209A002970B3 /* Budget.swift in Sources */,
				604A90AC28782051002970B3 /* BudgetManager.swift in Sources */,
			);
			runOnlyForDeploymentPostprocessing = 0;
		};
		60A4C7992875D56F00E61853 /* Sources */ = {
			isa = PBXSourcesBuildPhase;
			buildActionMask = 2147483647;
			files = (
				604A90B928782536002970B3 /* Expense.swift in Sources */,
				604A90B628782112002970B3 /* BudgetCategory.swift in Sources */,
				60A4C7BB2875D56F00E61853 /* ContentView.swift in Sources */,
				60A4C7B92875D56F00E61853 /* BudgetApp.swift in Sources */,
				604A90B32878209A002970B3 /* Budget.swift in Sources */,
				604A90AD28782051002970B3 /* BudgetManager.swift in Sources */,
			);
			runOnlyForDeploymentPostprocessing = 0;
		};
		60A4C7A02875D56F00E61853 /* Sources */ = {
			isa = PBXSourcesBuildPhase;
			buildActionMask = 2147483647;
			files = (
				60A4C7AB2875D56F00E61853 /* Tests_iOSLaunchTests.swift in Sources */,
				60A4C7A92875D56F00E61853 /* Tests_iOS.swift in Sources */,
			);
			runOnlyForDeploymentPostprocessing = 0;
		};
		60A4C7AC2875D56F00E61853 /* Sources */ = {
			isa = PBXSourcesBuildPhase;
			buildActionMask = 2147483647;
			files = (
				60A4C7B72875D56F00E61853 /* Tests_macOSLaunchTests.swift in Sources */,
				60A4C7B52875D56F00E61853 /* Tests_macOS.swift in Sources */,
			);
			runOnlyForDeploymentPostprocessing = 0;
		};
/* End PBXSourcesBuildPhase section */

/* Begin PBXTargetDependency section */
		604A90CC28783152002970B3 /* PBXTargetDependency */ = {
			isa = PBXTargetDependency;
			target = 60A4C7962875D56F00E61853 /* Budget (iOS) */;
			targetProxy = 604A90CB28783152002970B3 /* PBXContainerItemProxy */;
		};
		60A4C7A62875D56F00E61853 /* PBXTargetDependency */ = {
			isa = PBXTargetDependency;
			target = 60A4C7962875D56F00E61853 /* Budget (iOS) */;
			targetProxy = 60A4C7A52875D56F00E61853 /* PBXContainerItemProxy */;
		};
		60A4C7B22875D56F00E61853 /* PBXTargetDependency */ = {
			isa = PBXTargetDependency;
			target = 60A4C79C2875D56F00E61853 /* Budget (macOS) */;
			targetProxy = 60A4C7B12875D56F00E61853 /* PBXContainerItemProxy */;
		};
/* End PBXTargetDependency section */

/* Begin XCBuildConfiguration section */
		604A90CE28783152002970B3 /* Debug */ = {
			isa = XCBuildConfiguration;
			buildSettings = {
				BUNDLE_LOADER = "$(TEST_HOST)";
				CODE_SIGN_STYLE = Automatic;
				CURRENT_PROJECT_VERSION = 1;
				DEVELOPMENT_TEAM = AHN8S2U42A;
				GENERATE_INFOPLIST_FILE = YES;
				IPHONEOS_DEPLOYMENT_TARGET = 15.5;
				MARKETING_VERSION = 1.0;
				PRODUCT_BUNDLE_IDENTIFIER = com.bliao.BudgetTests;
				PRODUCT_NAME = "$(TARGET_NAME)";
				SDKROOT = iphoneos;
				SWIFT_EMIT_LOC_STRINGS = NO;
				SWIFT_VERSION = 5.0;
				TARGETED_DEVICE_FAMILY = "1,2";
				TEST_HOST = "$(BUILT_PRODUCTS_DIR)/Budget.app/Budget";
			};
			name = Debug;
		};
		604A90CF28783152002970B3 /* Release */ = {
			isa = XCBuildConfiguration;
			buildSettings = {
				BUNDLE_LOADER = "$(TEST_HOST)";
				CODE_SIGN_STYLE = Automatic;
				CURRENT_PROJECT_VERSION = 1;
				DEVELOPMENT_TEAM = AHN8S2U42A;
				GENERATE_INFOPLIST_FILE = YES;
				IPHONEOS_DEPLOYMENT_TARGET = 15.5;
				MARKETING_VERSION = 1.0;
				PRODUCT_BUNDLE_IDENTIFIER = com.bliao.BudgetTests;
				PRODUCT_NAME = "$(TARGET_NAME)";
				SDKROOT = iphoneos;
				SWIFT_EMIT_LOC_STRINGS = NO;
				SWIFT_VERSION = 5.0;
				TARGETED_DEVICE_FAMILY = "1,2";
				TEST_HOST = "$(BUILT_PRODUCTS_DIR)/Budget.app/Budget";
				VALIDATE_PRODUCT = YES;
			};
			name = Release;
		};
		60A4C7BE2875D56F00E61853 /* Debug */ = {
			isa = XCBuildConfiguration;
			buildSettings = {
				ALWAYS_SEARCH_USER_PATHS = NO;
				CLANG_ANALYZER_NONNULL = YES;
				CLANG_ANALYZER_NUMBER_OBJECT_CONVERSION = YES_AGGRESSIVE;
				CLANG_CXX_LANGUAGE_STANDARD = "gnu++17";
				CLANG_ENABLE_MODULES = YES;
				CLANG_ENABLE_OBJC_ARC = YES;
				CLANG_ENABLE_OBJC_WEAK = YES;
				CLANG_WARN_BLOCK_CAPTURE_AUTORELEASING = YES;
				CLANG_WARN_BOOL_CONVERSION = YES;
				CLANG_WARN_COMMA = YES;
				CLANG_WARN_CONSTANT_CONVERSION = YES;
				CLANG_WARN_DEPRECATED_OBJC_IMPLEMENTATIONS = YES;
				CLANG_WARN_DIRECT_OBJC_ISA_USAGE = YES_ERROR;
				CLANG_WARN_DOCUMENTATION_COMMENTS = YES;
				CLANG_WARN_EMPTY_BODY = YES;
				CLANG_WARN_ENUM_CONVERSION = YES;
				CLANG_WARN_INFINITE_RECURSION = YES;
				CLANG_WARN_INT_CONVERSION = YES;
				CLANG_WARN_NON_LITERAL_NULL_CONVERSION = YES;
				CLANG_WARN_OBJC_IMPLICIT_RETAIN_SELF = YES;
				CLANG_WARN_OBJC_LITERAL_CONVERSION = YES;
				CLANG_WARN_OBJC_ROOT_CLASS = YES_ERROR;
				CLANG_WARN_QUOTED_INCLUDE_IN_FRAMEWORK_HEADER = YES;
				CLANG_WARN_RANGE_LOOP_ANALYSIS = YES;
				CLANG_WARN_STRICT_PROTOTYPES = YES;
				CLANG_WARN_SUSPICIOUS_MOVE = YES;
				CLANG_WARN_UNGUARDED_AVAILABILITY = YES_AGGRESSIVE;
				CLANG_WARN_UNREACHABLE_CODE = YES;
				CLANG_WARN__DUPLICATE_METHOD_MATCH = YES;
				COPY_PHASE_STRIP = NO;
				DEBUG_INFORMATION_FORMAT = dwarf;
				ENABLE_STRICT_OBJC_MSGSEND = YES;
				ENABLE_TESTABILITY = YES;
				GCC_C_LANGUAGE_STANDARD = gnu11;
				GCC_DYNAMIC_NO_PIC = NO;
				GCC_NO_COMMON_BLOCKS = YES;
				GCC_OPTIMIZATION_LEVEL = 0;
				GCC_PREPROCESSOR_DEFINITIONS = (
					"DEBUG=1",
					"$(inherited)",
				);
				GCC_WARN_64_TO_32_BIT_CONVERSION = YES;
				GCC_WARN_ABOUT_RETURN_TYPE = YES_ERROR;
				GCC_WARN_UNDECLARED_SELECTOR = YES;
				GCC_WARN_UNINITIALIZED_AUTOS = YES_AGGRESSIVE;
				GCC_WARN_UNUSED_FUNCTION = YES;
				GCC_WARN_UNUSED_VARIABLE = YES;
				MTL_ENABLE_DEBUG_INFO = INCLUDE_SOURCE;
				MTL_FAST_MATH = YES;
				ONLY_ACTIVE_ARCH = YES;
				SWIFT_ACTIVE_COMPILATION_CONDITIONS = DEBUG;
				SWIFT_OPTIMIZATION_LEVEL = "-Onone";
			};
			name = Debug;
		};
		60A4C7BF2875D56F00E61853 /* Release */ = {
			isa = XCBuildConfiguration;
			buildSettings = {
				ALWAYS_SEARCH_USER_PATHS = NO;
				CLANG_ANALYZER_NONNULL = YES;
				CLANG_ANALYZER_NUMBER_OBJECT_CONVERSION = YES_AGGRESSIVE;
				CLANG_CXX_LANGUAGE_STANDARD = "gnu++17";
				CLANG_ENABLE_MODULES = YES;
				CLANG_ENABLE_OBJC_ARC = YES;
				CLANG_ENABLE_OBJC_WEAK = YES;
				CLANG_WARN_BLOCK_CAPTURE_AUTORELEASING = YES;
				CLANG_WARN_BOOL_CONVERSION = YES;
				CLANG_WARN_COMMA = YES;
				CLANG_WARN_CONSTANT_CONVERSION = YES;
				CLANG_WARN_DEPRECATED_OBJC_IMPLEMENTATIONS = YES;
				CLANG_WARN_DIRECT_OBJC_ISA_USAGE = YES_ERROR;
				CLANG_WARN_DOCUMENTATION_COMMENTS = YES;
				CLANG_WARN_EMPTY_BODY = YES;
				CLANG_WARN_ENUM_CONVERSION = YES;
				CLANG_WARN_INFINITE_RECURSION = YES;
				CLANG_WARN_INT_CONVERSION = YES;
				CLANG_WARN_NON_LITERAL_NULL_CONVERSION = YES;
				CLANG_WARN_OBJC_IMPLICIT_RETAIN_SELF = YES;
				CLANG_WARN_OBJC_LITERAL_CONVERSION = YES;
				CLANG_WARN_OBJC_ROOT_CLASS = YES_ERROR;
				CLANG_WARN_QUOTED_INCLUDE_IN_FRAMEWORK_HEADER = YES;
				CLANG_WARN_RANGE_LOOP_ANALYSIS = YES;
				CLANG_WARN_STRICT_PROTOTYPES = YES;
				CLANG_WARN_SUSPICIOUS_MOVE = YES;
				CLANG_WARN_UNGUARDED_AVAILABILITY = YES_AGGRESSIVE;
				CLANG_WARN_UNREACHABLE_CODE = YES;
				CLANG_WARN__DUPLICATE_METHOD_MATCH = YES;
				COPY_PHASE_STRIP = NO;
				DEBUG_INFORMATION_FORMAT = "dwarf-with-dsym";
				ENABLE_NS_ASSERTIONS = NO;
				ENABLE_STRICT_OBJC_MSGSEND = YES;
				GCC_C_LANGUAGE_STANDARD = gnu11;
				GCC_NO_COMMON_BLOCKS = YES;
				GCC_WARN_64_TO_32_BIT_CONVERSION = YES;
				GCC_WARN_ABOUT_RETURN_TYPE = YES_ERROR;
				GCC_WARN_UNDECLARED_SELECTOR = YES;
				GCC_WARN_UNINITIALIZED_AUTOS = YES_AGGRESSIVE;
				GCC_WARN_UNUSED_FUNCTION = YES;
				GCC_WARN_UNUSED_VARIABLE = YES;
				MTL_ENABLE_DEBUG_INFO = NO;
				MTL_FAST_MATH = YES;
				SWIFT_COMPILATION_MODE = wholemodule;
				SWIFT_OPTIMIZATION_LEVEL = "-O";
			};
			name = Release;
		};
		60A4C7C12875D56F00E61853 /* Debug */ = {
			isa = XCBuildConfiguration;
			buildSettings = {
				ASSETCATALOG_COMPILER_APPICON_NAME = AppIcon;
				ASSETCATALOG_COMPILER_GLOBAL_ACCENT_COLOR_NAME = AccentColor;
				CODE_SIGN_STYLE = Automatic;
				CURRENT_PROJECT_VERSION = 1;
				DEVELOPMENT_TEAM = AHN8S2U42A;
				ENABLE_PREVIEWS = YES;
				GENERATE_INFOPLIST_FILE = YES;
				INFOPLIST_KEY_UIApplicationSceneManifest_Generation = YES;
				INFOPLIST_KEY_UIApplicationSupportsIndirectInputEvents = YES;
				INFOPLIST_KEY_UILaunchScreen_Generation = YES;
				INFOPLIST_KEY_UISupportedInterfaceOrientations_iPad = "UIInterfaceOrientationPortrait UIInterfaceOrientationPortraitUpsideDown UIInterfaceOrientationLandscapeLeft UIInterfaceOrientationLandscapeRight";
				INFOPLIST_KEY_UISupportedInterfaceOrientations_iPhone = "UIInterfaceOrientationPortrait UIInterfaceOrientationLandscapeLeft UIInterfaceOrientationLandscapeRight";
				IPHONEOS_DEPLOYMENT_TARGET = 15.5;
				LD_RUNPATH_SEARCH_PATHS = (
					"$(inherited)",
					"@executable_path/Frameworks",
				);
				MARKETING_VERSION = 1.0;
				PRODUCT_BUNDLE_IDENTIFIER = com.bliao.Budget;
				PRODUCT_NAME = Budget;
				SDKROOT = iphoneos;
				SWIFT_EMIT_LOC_STRINGS = YES;
				SWIFT_VERSION = 5.0;
				TARGETED_DEVICE_FAMILY = "1,2";
			};
			name = Debug;
		};
		60A4C7C22875D56F00E61853 /* Release */ = {
			isa = XCBuildConfiguration;
			buildSettings = {
				ASSETCATALOG_COMPILER_APPICON_NAME = AppIcon;
				ASSETCATALOG_COMPILER_GLOBAL_ACCENT_COLOR_NAME = AccentColor;
				CODE_SIGN_STYLE = Automatic;
				CURRENT_PROJECT_VERSION = 1;
				DEVELOPMENT_TEAM = AHN8S2U42A;
				ENABLE_PREVIEWS = YES;
				GENERATE_INFOPLIST_FILE = YES;
				INFOPLIST_KEY_UIApplicationSceneManifest_Generation = YES;
				INFOPLIST_KEY_UIApplicationSupportsIndirectInputEvents = YES;
				INFOPLIST_KEY_UILaunchScreen_Generation = YES;
				INFOPLIST_KEY_UISupportedInterfaceOrientations_iPad = "UIInterfaceOrientationPortrait UIInterfaceOrientationPortraitUpsideDown UIInterfaceOrientationLandscapeLeft UIInterfaceOrientationLandscapeRight";
				INFOPLIST_KEY_UISupportedInterfaceOrientations_iPhone = "UIInterfaceOrientationPortrait UIInterfaceOrientationLandscapeLeft UIInterfaceOrientationLandscapeRight";
				IPHONEOS_DEPLOYMENT_TARGET = 15.5;
				LD_RUNPATH_SEARCH_PATHS = (
					"$(inherited)",
					"@executable_path/Frameworks",
				);
				MARKETING_VERSION = 1.0;
				PRODUCT_BUNDLE_IDENTIFIER = com.bliao.Budget;
				PRODUCT_NAME = Budget;
				SDKROOT = iphoneos;
				SWIFT_EMIT_LOC_STRINGS = YES;
				SWIFT_VERSION = 5.0;
				TARGETED_DEVICE_FAMILY = "1,2";
				VALIDATE_PRODUCT = YES;
			};
			name = Release;
		};
		60A4C7C42875D56F00E61853 /* Debug */ = {
			isa = XCBuildConfiguration;
			buildSettings = {
				ASSETCATALOG_COMPILER_APPICON_NAME = AppIcon;
				ASSETCATALOG_COMPILER_GLOBAL_ACCENT_COLOR_NAME = AccentColor;
				CODE_SIGN_ENTITLEMENTS = macOS/macOS.entitlements;
				CODE_SIGN_STYLE = Automatic;
				COMBINE_HIDPI_IMAGES = YES;
				CURRENT_PROJECT_VERSION = 1;
				DEVELOPMENT_TEAM = AHN8S2U42A;
				ENABLE_HARDENED_RUNTIME = YES;
				ENABLE_PREVIEWS = YES;
				GENERATE_INFOPLIST_FILE = YES;
				INFOPLIST_KEY_NSHumanReadableCopyright = "";
				LD_RUNPATH_SEARCH_PATHS = (
					"$(inherited)",
					"@executable_path/../Frameworks",
				);
				MACOSX_DEPLOYMENT_TARGET = 12.0;
				MARKETING_VERSION = 1.0;
				PRODUCT_BUNDLE_IDENTIFIER = com.bliao.Budget;
				PRODUCT_NAME = Budget;
				SDKROOT = macosx;
				SWIFT_EMIT_LOC_STRINGS = YES;
				SWIFT_VERSION = 5.0;
			};
			name = Debug;
		};
		60A4C7C52875D56F00E61853 /* Release */ = {
			isa = XCBuildConfiguration;
			buildSettings = {
				ASSETCATALOG_COMPILER_APPICON_NAME = AppIcon;
				ASSETCATALOG_COMPILER_GLOBAL_ACCENT_COLOR_NAME = AccentColor;
				CODE_SIGN_ENTITLEMENTS = macOS/macOS.entitlements;
				CODE_SIGN_STYLE = Automatic;
				COMBINE_HIDPI_IMAGES = YES;
				CURRENT_PROJECT_VERSION = 1;
				DEVELOPMENT_TEAM = AHN8S2U42A;
				ENABLE_HARDENED_RUNTIME = YES;
				ENABLE_PREVIEWS = YES;
				GENERATE_INFOPLIST_FILE = YES;
				INFOPLIST_KEY_NSHumanReadableCopyright = "";
				LD_RUNPATH_SEARCH_PATHS = (
					"$(inherited)",
					"@executable_path/../Frameworks",
				);
				MACOSX_DEPLOYMENT_TARGET = 12.0;
				MARKETING_VERSION = 1.0;
				PRODUCT_BUNDLE_IDENTIFIER = com.bliao.Budget;
				PRODUCT_NAME = Budget;
				SDKROOT = macosx;
				SWIFT_EMIT_LOC_STRINGS = YES;
				SWIFT_VERSION = 5.0;
			};
			name = Release;
		};
		60A4C7C72875D56F00E61853 /* Debug */ = {
			isa = XCBuildConfiguration;
			buildSettings = {
				ALWAYS_EMBED_SWIFT_STANDARD_LIBRARIES = YES;
				CODE_SIGN_STYLE = Automatic;
				CURRENT_PROJECT_VERSION = 1;
				DEVELOPMENT_TEAM = AHN8S2U42A;
				GENERATE_INFOPLIST_FILE = YES;
				IPHONEOS_DEPLOYMENT_TARGET = 15.5;
				MARKETING_VERSION = 1.0;
				PRODUCT_BUNDLE_IDENTIFIER = "com.bliao.Tests-iOS";
				PRODUCT_NAME = "$(TARGET_NAME)";
				SDKROOT = iphoneos;
				SWIFT_EMIT_LOC_STRINGS = NO;
				SWIFT_VERSION = 5.0;
				TARGETED_DEVICE_FAMILY = "1,2";
				TEST_TARGET_NAME = "Budget (iOS)";
			};
			name = Debug;
		};
		60A4C7C82875D56F00E61853 /* Release */ = {
			isa = XCBuildConfiguration;
			buildSettings = {
				ALWAYS_EMBED_SWIFT_STANDARD_LIBRARIES = YES;
				CODE_SIGN_STYLE = Automatic;
				CURRENT_PROJECT_VERSION = 1;
				DEVELOPMENT_TEAM = AHN8S2U42A;
				GENERATE_INFOPLIST_FILE = YES;
				IPHONEOS_DEPLOYMENT_TARGET = 15.5;
				MARKETING_VERSION = 1.0;
				PRODUCT_BUNDLE_IDENTIFIER = "com.bliao.Tests-iOS";
				PRODUCT_NAME = "$(TARGET_NAME)";
				SDKROOT = iphoneos;
				SWIFT_EMIT_LOC_STRINGS = NO;
				SWIFT_VERSION = 5.0;
				TARGETED_DEVICE_FAMILY = "1,2";
				TEST_TARGET_NAME = "Budget (iOS)";
				VALIDATE_PRODUCT = YES;
			};
			name = Release;
		};
		60A4C7CA2875D56F00E61853 /* Debug */ = {
			isa = XCBuildConfiguration;
			buildSettings = {
				ALWAYS_EMBED_SWIFT_STANDARD_LIBRARIES = YES;
				CODE_SIGN_STYLE = Automatic;
				CURRENT_PROJECT_VERSION = 1;
				DEVELOPMENT_TEAM = AHN8S2U42A;
				GENERATE_INFOPLIST_FILE = YES;
				MACOSX_DEPLOYMENT_TARGET = 12.0;
				MARKETING_VERSION = 1.0;
				PRODUCT_BUNDLE_IDENTIFIER = "com.bliao.Tests-macOS";
				PRODUCT_NAME = "$(TARGET_NAME)";
				SDKROOT = macosx;
				SWIFT_EMIT_LOC_STRINGS = NO;
				SWIFT_VERSION = 5.0;
				TEST_TARGET_NAME = "Budget (macOS)";
			};
			name = Debug;
		};
		60A4C7CB2875D56F00E61853 /* Release */ = {
			isa = XCBuildConfiguration;
			buildSettings = {
				ALWAYS_EMBED_SWIFT_STANDARD_LIBRARIES = YES;
				CODE_SIGN_STYLE = Automatic;
				CURRENT_PROJECT_VERSION = 1;
				DEVELOPMENT_TEAM = AHN8S2U42A;
				GENERATE_INFOPLIST_FILE = YES;
				MACOSX_DEPLOYMENT_TARGET = 12.0;
				MARKETING_VERSION = 1.0;
				PRODUCT_BUNDLE_IDENTIFIER = "com.bliao.Tests-macOS";
				PRODUCT_NAME = "$(TARGET_NAME)";
				SDKROOT = macosx;
				SWIFT_EMIT_LOC_STRINGS = NO;
				SWIFT_VERSION = 5.0;
				TEST_TARGET_NAME = "Budget (macOS)";
			};
			name = Release;
		};
/* End XCBuildConfiguration section */

/* Begin XCConfigurationList section */
		604A90CD28783152002970B3 /* Build configuration list for PBXNativeTarget "BudgetTests" */ = {
			isa = XCConfigurationList;
			buildConfigurations = (
				604A90CE28783152002970B3 /* Debug */,
				604A90CF28783152002970B3 /* Release */,
			);
			defaultConfigurationIsVisible = 0;
			defaultConfigurationName = Release;
		};
		60A4C78E2875D56E00E61853 /* Build configuration list for PBXProject "Budget" */ = {
			isa = XCConfigurationList;
			buildConfigurations = (
				60A4C7BE2875D56F00E61853 /* Debug */,
				60A4C7BF2875D56F00E61853 /* Release */,
			);
			defaultConfigurationIsVisible = 0;
			defaultConfigurationName = Release;
		};
		60A4C7C02875D56F00E61853 /* Build configuration list for PBXNativeTarget "Budget (iOS)" */ = {
			isa = XCConfigurationList;
			buildConfigurations = (
				60A4C7C12875D56F00E61853 /* Debug */,
				60A4C7C22875D56F00E61853 /* Release */,
			);
			defaultConfigurationIsVisible = 0;
			defaultConfigurationName = Release;
		};
		60A4C7C32875D56F00E61853 /* Build configuration list for PBXNativeTarget "Budget (macOS)" */ = {
			isa = XCConfigurationList;
			buildConfigurations = (
				60A4C7C42875D56F00E61853 /* Debug */,
				60A4C7C52875D56F00E61853 /* Release */,
			);
			defaultConfigurationIsVisible = 0;
			defaultConfigurationName = Release;
		};
		60A4C7C62875D56F00E61853 /* Build configuration list for PBXNativeTarget "Tests iOS" */ = {
			isa = XCConfigurationList;
			buildConfigurations = (
				60A4C7C72875D56F00E61853 /* Debug */,
				60A4C7C82875D56F00E61853 /* Release */,
			);
			defaultConfigurationIsVisible = 0;
			defaultConfigurationName = Release;
		};
		60A4C7C92875D56F00E61853 /* Build configuration list for PBXNativeTarget "Tests macOS" */ = {
			isa = XCConfigurationList;
			buildConfigurations = (
				60A4C7CA2875D56F00E61853 /* Debug */,
				60A4C7CB2875D56F00E61853 /* Release */,
			);
			defaultConfigurationIsVisible = 0;
			defaultConfigurationName = Release;
		};
/* End XCConfigurationList section */
	};
	rootObject = 60A4C78B2875D56E00E61853 /* Project object */;
}
